
Microsoft Visual Studio Solution File, Format Version 12.00
# Visual Studio 2013
VisualStudioVersion = 12.0.21005.1
MinimumVisualStudioVersion = 10.0.40219.1
Project("{FAE04EC0-301F-11D3-BF4B-00C04F79EFBC}") = "ExternalRadixSort", "ExternalRadixSort\ExternalRadixSort.csproj", "{B7903E22-1C39-48F8-AAAC-A3EBE196F85B}"
EndProject
Global
	GlobalSection(SolutionConfigurationPlatforms) = preSolution
		Debug|Any CPU = Debug|Any CPU
		Release|Any CPU = Release|Any CPU
	EndGlobalSection
	GlobalSection(ProjectConfigurationPlatforms) = postSolution
		{B7903E22-1C39-48F8-AAAC-A3EBE196F85B}.Debug|Any CPU.ActiveCfg = Debug|Any CPU
		{B7903E22-1C39-48F8-AAAC-A3EBE196F85B}.Debug|Any CPU.Build.0 = Debug|Any CPU
		{B7903E22-1C39-48F8-AAAC-A3EBE196F85B}.Release|Any CPU.ActiveCfg = Release|Any CPU
		{B7903E22-1C39-48F8-AAAC-A3EBE196F85B}.Release|Any CPU.Build.0 = Release|Any CPU
	EndGlobalSection
	GlobalSection(SolutionProperties) = preSolution
		HideSolutionNode = FALSE
	EndGlobalSection
EndGlobal
